// !$*UTF8*$!
{
	archiveVersion = 1;
	classes = {
	};
	objectVersion = 46;
	objects = {

/* Begin PBXBuildFile section */
		EBE617C91EF50E6C000ACDB7 /* AppDelegate.swift in Sources */ = {isa = PBXBuildFile; fileRef = EBE617C81EF50E6C000ACDB7 /* AppDelegate.swift */; };
		EBE617CB1EF50E6C000ACDB7 /* ViewController.swift in Sources */ = {isa = PBXBuildFile; fileRef = EBE617CA1EF50E6C000ACDB7 /* ViewController.swift */; };
		EBE617CE1EF50E6C000ACDB7 /* Main.storyboard in Resources */ = {isa = PBXBuildFile; fileRef = EBE617CC1EF50E6C000ACDB7 /* Main.storyboard */; };
		EBE617D01EF50E6C000ACDB7 /* Assets.xcassets in Resources */ = {isa = PBXBuildFile; fileRef = EBE617CF1EF50E6C000ACDB7 /* Assets.xcassets */; };
		EBE617D31EF50E6C000ACDB7 /* LaunchScreen.storyboard in Resources */ = {isa = PBXBuildFile; fileRef = EBE617D11EF50E6C000ACDB7 /* LaunchScreen.storyboard */; };
		EBE617DB1EF51074000ACDB7 /* pokemon.csv in Resources */ = {isa = PBXBuildFile; fileRef = EBE617DA1EF51074000ACDB7 /* pokemon.csv */; };
/* End PBXBuildFile section */

/* Begin PBXFileReference section */
		EBE617C51EF50E6C000ACDB7 /* Pokedex.app */ = {isa = PBXFileReference; explicitFileType = wrapper.application; includeInIndex = 0; path = Pokedex.app; sourceTree = BUILT_PRODUCTS_DIR; };
		EBE617C81EF50E6C000ACDB7 /* AppDelegate.swift */ = {isa = PBXFileReference; lastKnownFileType = sourcecode.swift; path = AppDelegate.swift; sourceTree = "<group>"; };
		EBE617CA1EF50E6C000ACDB7 /* ViewController.swift */ = {isa = PBXFileReference; lastKnownFileType = sourcecode.swift; path = ViewController.swift; sourceTree = "<group>"; };
		EBE617CD1EF50E6C000ACDB7 /* Base */ = {isa = PBXFileReference; lastKnownFileType = file.storyboard; name = Base; path = Base.lproj/Main.storyboard; sourceTree = "<group>"; };
		EBE617CF1EF50E6C000ACDB7 /* Assets.xcassets */ = {isa = PBXFileReference; lastKnownFileType = folder.assetcatalog; path = Assets.xcassets; sourceTree = "<group>"; };
		EBE617D21EF50E6C000ACDB7 /* Base */ = {isa = PBXFileReference; lastKnownFileType = file.storyboard; name = Base; path = Base.lproj/LaunchScreen.storyboard; sourceTree = "<group>"; };
		EBE617D41EF50E6C000ACDB7 /* Info.plist */ = {isa = PBXFileReference; lastKnownFileType = text.plist.xml; path = Info.plist; sourceTree = "<group>"; };
		EBE617DA1EF51074000ACDB7 /* pokemon.csv */ = {isa = PBXFileReference; fileEncoding = 4; lastKnownFileType = text; path = pokemon.csv; sourceTree = "<group>"; };
/* End PBXFileReference section */

/* Begin PBXFrameworksBuildPhase section */
		EBE617C21EF50E6C000ACDB7 /* Frameworks */ = {
			isa = PBXFrameworksBuildPhase;
			buildActionMask = 2147483647;
			files = (
			);
			runOnlyForDeploymentPostprocessing = 0;
		};
/* End PBXFrameworksBuildPhase section */

/* Begin PBXGroup section */
		EBE617BC1EF50E6C000ACDB7 = {
			isa = PBXGroup;
			children = (
				EBE617C71EF50E6C000ACDB7 /* Pokedex */,
				EBE617C61EF50E6C000ACDB7 /* Products */,
			);
			sourceTree = "<group>";
		};
		EBE617C61EF50E6C000ACDB7 /* Products */ = {
			isa = PBXGroup;
			children = (
				EBE617C51EF50E6C000ACDB7 /* Pokedex.app */,
			);
			name = Products;
			sourceTree = "<group>";
		};
		EBE617C71EF50E6C000ACDB7 /* Pokedex */ = {
			isa = PBXGroup;
			children = (
				EBE617C81EF50E6C000ACDB7 /* AppDelegate.swift */,
				EBE617CA1EF50E6C000ACDB7 /* ViewController.swift */,
				EBE617CC1EF50E6C000ACDB7 /* Main.storyboard */,
				EBE617CF1EF50E6C000ACDB7 /* Assets.xcassets */,
				EBE617DA1EF51074000ACDB7 /* pokemon.csv */,
				EBE617D11EF50E6C000ACDB7 /* LaunchScreen.storyboard */,
				EBE617D41EF50E6C000ACDB7 /* Info.plist */,
			);
			path = Pokedex;
			sourceTree = "<group>";
		};
/* End PBXGroup section */

/* Begin PBXNativeTarget section */
		EBE617C41EF50E6C000ACDB7 /* Pokedex */ = {
			isa = PBXNativeTarget;
			buildConfigurationList = EBE617D71EF50E6C000ACDB7 /* Build configuration list for PBXNativeTarget "Pokedex" */;
			buildPhases = (
				EBE617C11EF50E6C000ACDB7 /* Sources */,
				EBE617C21EF50E6C000ACDB7 /* Frameworks */,
				EBE617C31EF50E6C000ACDB7 /* Resources */,
			);
			buildRules = (
			);
			dependencies = (
			);
			name = Pokedex;
			productName = Pokedex;
			productReference = EBE617C51EF50E6C000ACDB7 /* Pokedex.app */;
			productType = "com.apple.product-type.application";
		};
/* End PBXNativeTarget section */

/* Begin PBXProject section */
		EBE617BD1EF50E6C000ACDB7 /* Project object */ = {
			isa = PBXProject;
			attributes = {
				LastSwiftUpdateCheck = 0830;
				LastUpgradeCheck = 0830;
				ORGANIZATIONNAME = "Iserte Corporation";
				TargetAttributes = {
					EBE617C41EF50E6C000ACDB7 = {
						CreatedOnToolsVersion = 8.3.3;
						DevelopmentTeam = A642A82F64;
						ProvisioningStyle = Automatic;
					};
				};
			};
			buildConfigurationList = EBE617C01EF50E6C000ACDB7 /* Build configuration list for PBXProject "Pokedex" */;
			compatibilityVersion = "Xcode 3.2";
			developmentRegion = English;
			hasScannedForEncodings = 0;
			knownRegions = (
				en,
				Base,
			);
			mainGroup = EBE617BC1EF50E6C000ACDB7;
			productRefGroup = EBE617C61EF50E6C000ACDB7 /* Products */;
			projectDirPath = "";
			projectRoot = "";
			targets = (
				EBE617C41EF50E6C000ACDB7 /* Pokedex */,
			);
		};
/* End PBXProject section */

/* Begin PBXResourcesBuildPhase section */
		EBE617C31EF50E6C000ACDB7 /* Resources */ = {
			isa = PBXResourcesBuildPhase;
			buildActionMask = 2147483647;
			files = (
				EBE617D31EF50E6C000ACDB7 /* LaunchScreen.storyboard in Resources */,
				EBE617D01EF50E6C000ACDB7 /* Assets.xcassets in Resources */,
				EBE617DB1EF51074000ACDB7 /* pokemon.csv in Resources */,
				EBE617CE1EF50E6C000ACDB7 /* Main.storyboard in Resources */,
			);
			runOnlyForDeploymentPostprocessing = 0;
		};
/* End PBXResourcesBuildPhase section */

/* Begin PBXSourcesBuildPhase section */
		EBE617C11EF50E6C000ACDB7 /* Sources */ = {
			isa = PBXSourcesBuildPhase;
			buildActionMask = 2147483647;
			files = (
				EBE617CB1EF50E6C000ACDB7 /* ViewController.swift in Sources */,
				EBE617C91EF50E6C000ACDB7 /* AppDelegate.swift in Sources */,
			);
			runOnlyForDeploymentPostprocessing = 0;
		};
/* End PBXSourcesBuildPhase section */

/* Begin PBXVariantGroup section */
		EBE617CC1EF50E6C000ACDB7 /* Main.storyboard */ = {
			isa = PBXVariantGroup;
			children = (
				EBE617CD1EF50E6C000ACDB7 /* Base */,
			);
			name = Main.storyboard;
			sourceTree = "<group>";
		};
		EBE617D11EF50E6C000ACDB7 /* LaunchScreen.storyboard */ = {
			isa = PBXVariantGroup;
			children = (
				EBE617D21EF50E6C000ACDB7 /* Base */,
			);
			name = LaunchScreen.storyboard;
			sourceTree = "<group>";
		};
/* End PBXVariantGroup section */

/* Begin XCBuildConfiguration section */
		EBE617D51EF50E6C000ACDB7 /* Debug */ = {
			isa = XCBuildConfiguration;
			buildSettings = {
				ALWAYS_SEARCH_USER_PATHS = NO;
				CLANG_ANALYZER_NONNULL = YES;
				CLANG_ANALYZER_NUMBER_OBJECT_CONVERSION = YES_AGGRESSIVE;
				CLANG_CXX_LANGUAGE_STANDARD = "gnu++0x";
				CLANG_CXX_LIBRARY = "libc++";
				CLANG_ENABLE_MODULES = YES;
				CLANG_ENABLE_OBJC_ARC = YES;
				CLANG_WARN_BOOL_CONVERSION = YES;
				CLANG_WARN_CONSTANT_CONVERSION = YES;
				CLANG_WARN_DIRECT_OBJC_ISA_USAGE = YES_ERROR;
				CLANG_WARN_DOCUMENTATION_COMMENTS = YES;
				CLANG_WARN_EMPTY_BODY = YES;
				CLANG_WARN_ENUM_CONVERSION = YES;
				CLANG_WARN_INFINITE_RECURSION = YES;
				CLANG_WARN_INT_CONVERSION = YES;
				CLANG_WARN_OBJC_ROOT_CLASS = YES_ERROR;
				CLANG_WARN_SUSPICIOUS_MOVE = YES;
				CLANG_WARN_UNREACHABLE_CODE = YES;
				CLANG_WARN__DUPLICATE_METHOD_MATCH = YES;
				"CODE_SIGN_IDENTITY[sdk=iphoneos*]" = "iPhone Developer";
				COPY_PHASE_STRIP = NO;
				DEBUG_INFORMATION_FORMAT = dwarf;
				ENABLE_STRICT_OBJC_MSGSEND = YES;
				ENABLE_TESTABILITY = YES;
				GCC_C_LANGUAGE_STANDARD = gnu99;
				GCC_DYNAMIC_NO_PIC = NO;
				GCC_NO_COMMON_BLOCKS = YES;
				GCC_OPTIMIZATION_LEVEL = 0;
				GCC_PREPROCESSOR_DEFINITIONS = (
					"DEBUG=1",
					"$(inherited)",
				);
				GCC_WARN_64_TO_32_BIT_CONVERSION = YES;
				GCC_WARN_ABOUT_RETURN_TYPE = YES_ERROR;
				GCC_WARN_UNDECLARED_SELECTOR = YES;
				GCC_WARN_UNINITIALIZED_AUTOS = YES_AGGRESSIVE;
				GCC_WARN_UNUSED_FUNCTION = YES;
				GCC_WARN_UNUSED_VARIABLE = YES;
				IPHONEOS_DEPLOYMENT_TARGET = 10.3;
				MTL_ENABLE_DEBUG_INFO = YES;
				ONLY_ACTIVE_ARCH = YES;
				SDKROOT = iphoneos;
				SWIFT_ACTIVE_COMPILATION_CONDITIONS = DEBUG;
				SWIFT_OPTIMIZATION_LEVEL = "-Onone";
				TARGETED_DEVICE_FAMILY = "1,2";
			};
			name = Debug;
		};
		EBE617D61EF50E6C000ACDB7 /* Release */ = {
			isa = XCBuildConfiguration;
			buildSettings = {
				ALWAYS_SEARCH_USER_PATHS = NO;
				CLANG_ANALYZER_NONNULL = YES;
				CLANG_ANALYZER_NUMBER_OBJECT_CONVERSION = YES_AGGRESSIVE;
				CLANG_CXX_LANGUAGE_STANDARD = "gnu++0x";
				CLANG_CXX_LIBRARY = "libc++";
				CLANG_ENABLE_MODULES = YES;
				CLANG_ENABLE_OBJC_ARC = YES;
				CLANG_WARN_BOOL_CONVERSION = YES;
				CLANG_WARN_CONSTANT_CONVERSION = YES;
				CLANG_WARN_DIRECT_OBJC_ISA_USAGE = YES_ERROR;
				CLANG_WARN_DOCUMENTATION_COMMENTS = YES;
				CLANG_WARN_EMPTY_BODY = YES;
				CLANG_WARN_ENUM_CONVERSION = YES;
				CLANG_WARN_INFINITE_RECURSION = YES;
				CLANG_WARN_INT_CONVERSION = YES;
				CLANG_WARN_OBJC_ROOT_CLASS = YES_ERROR;
				CLANG_WARN_SUSPICIOUS_MOVE = YES;
				CLANG_WARN_UNREACHABLE_CODE = YES;
				CLANG_WARN__DUPLICATE_METHOD_MATCH = YES;
				"CODE_SIGN_IDENTITY[sdk=iphoneos*]" = "iPhone Developer";
				COPY_PHASE_STRIP = NO;
				DEBUG_INFORMATION_FORMAT = "dwarf-with-dsym";
				ENABLE_NS_ASSERTIONS = NO;
				ENABLE_STRICT_OBJC_MSGSEND = YES;
				GCC_C_LANGUAGE_STANDARD = gnu99;
				GCC_NO_COMMON_BLOCKS = YES;
				GCC_WARN_64_TO_32_BIT_CONVERSION = YES;
				GCC_WARN_ABOUT_RETURN_TYPE = YES_ERROR;
				GCC_WARN_UNDECLARED_SELECTOR = YES;
				GCC_WARN_UNINITIALIZED_AUTOS = YES_AGGRESSIVE;
				GCC_WARN_UNUSED_FUNCTION = YES;
				GCC_WARN_UNUSED_VARIABLE = YES;
				IPHONEOS_DEPLOYMENT_TARGET = 10.3;
				MTL_ENABLE_DEBUG_INFO = NO;
				SDKROOT = iphoneos;
				SWIFT_OPTIMIZATION_LEVEL = "-Owholemodule";
				TARGETED_DEVICE_FAMILY = "1,2";
				VALIDATE_PRODUCT = YES;
			};
			name = Release;
		};
		EBE617D81EF50E6C000ACDB7 /* Debug */ = {
			isa = XCBuildConfiguration;
			buildSettings = {
				ASSETCATALOG_COMPILER_APPICON_NAME = AppIcon;
				DEVELOPMENT_TEAM = A642A82F64;
				INFOPLIST_FILE = Pokedex/Info.plist;
				LD_RUNPATH_SEARCH_PATHS = "$(inherited) @executable_path/Frameworks";
				PRODUCT_BUNDLE_IDENTIFIER = com.isertecorp.Pokedex;
				PRODUCT_NAME = "$(TARGET_NAME)";
				SWIFT_VERSION = 3.0;
			};
			name = Debug;
		};
		EBE617D91EF50E6C000ACDB7 /* Release */ = {
			isa = XCBuildConfiguration;
			buildSettings = {
				ASSETCATALOG_COMPILER_APPICON_NAME = AppIcon;
				DEVELOPMENT_TEAM = A642A82F64;
				INFOPLIST_FILE = Pokedex/Info.plist;
				LD_RUNPATH_SEARCH_PATHS = "$(inherited) @executable_path/Frameworks";
				PRODUCT_BUNDLE_IDENTIFIER = com.isertecorp.Pokedex;
				PRODUCT_NAME = "$(TARGET_NAME)";
				SWIFT_VERSION = 3.0;
			};
			name = Release;
		};
/* End XCBuildConfiguration section */

/* Begin XCConfigurationList section */
		EBE617C01EF50E6C000ACDB7 /* Build configuration list for PBXProject "Pokedex" */ = {
			isa = XCConfigurationList;
			buildConfigurations = (
				EBE617D51EF50E6C000ACDB7 /* Debug */,
				EBE617D61EF50E6C000ACDB7 /* Release */,
			);
			defaultConfigurationIsVisible = 0;
			defaultConfigurationName = Release;
		};
		EBE617D71EF50E6C000ACDB7 /* Build configuration list for PBXNativeTarget "Pokedex" */ = {
			isa = XCConfigurationList;
			buildConfigurations = (
				EBE617D81EF50E6C000ACDB7 /* Debug */,
				EBE617D91EF50E6C000ACDB7 /* Release */,
			);
			defaultConfigurationIsVisible = 0;
			defaultConfigurationName = Release;
		};
/* End XCConfigurationList section */
	};
	rootObject = EBE617BD1EF50E6C000ACDB7 /* Project object */;
}
